
Microsoft Visual Studio Solution File, Format Version 12.00
# Visual Studio 15
VisualStudioVersion = 15.0.28010.2026
MinimumVisualStudioVersion = 10.0.40219.1
Project("{FAE04EC0-301F-11D3-BF4B-00C04F79EFBC}") = "GetCallRailData", "GetCallRailData\GetCallRailData.csproj", "{F8BE908D-4D52-4F43-8F86-39B02BC52D87}"
EndProject
Global
	GlobalSection(SolutionConfigurationPlatforms) = preSolution
		Debug|Any CPU = Debug|Any CPU
		DevRelease|Any CPU = DevRelease|Any CPU
		Production|Any CPU = Production|Any CPU
	EndGlobalSection
	GlobalSection(ProjectConfigurationPlatforms) = postSolution
		{F8BE908D-4D52-4F43-8F86-39B02BC52D87}.Debug|Any CPU.ActiveCfg = Debug|Any CPU
		{F8BE908D-4D52-4F43-8F86-39B02BC52D87}.Debug|Any CPU.Build.0 = Debug|Any CPU
		{F8BE908D-4D52-4F43-8F86-39B02BC52D87}.DevRelease|Any CPU.ActiveCfg = DevRelease|Any CPU
		{F8BE908D-4D52-4F43-8F86-39B02BC52D87}.DevRelease|Any CPU.Build.0 = DevRelease|Any CPU
		{F8BE908D-4D52-4F43-8F86-39B02BC52D87}.Production|Any CPU.ActiveCfg = Production|Any CPU
		{F8BE908D-4D52-4F43-8F86-39B02BC52D87}.Production|Any CPU.Build.0 = Production|Any CPU
	EndGlobalSection
	GlobalSection(SolutionProperties) = preSolution
		HideSolutionNode = FALSE
	EndGlobalSection
	GlobalSection(ExtensibilityGlobals) = postSolution
		SolutionGuid = {7E863DED-AB85-4C56-900D-824551D7E32D}
	EndGlobalSection
	GlobalSection(TeamFoundationVersionControl) = preSolution
		SccNumberOfProjects = 2
		SccEnterpriseProvider = {4CA58AB2-18FA-4F8D-95D4-32DDF27D184C}
		SccTeamFoundationServer = https://dhpace.visualstudio.com/
		SccLocalPath0 = .
		SccProjectUniqueName1 = GetCallRailData\\GetCallRailData.csproj
		SccProjectName1 = GetCallRailData
		SccLocalPath1 = GetCallRailData
	EndGlobalSection
EndGlobal
